{
  "name": "lang-script-region",
  "lockfileVersion": 3,
  "requires": true,
  "packages": {
    "": {
      "dependencies": {
        "lib-font": "^2.4.3"
      },
      "devDependencies": {
        "@types/node": "^22.7.3"
      }
    },
    "node_modules/@types/node": {
      "version": "22.7.3",
      "resolved": "https://registry.npmjs.org/@types/node/-/node-22.7.3.tgz",
      "integrity": "sha512-qXKfhXXqGTyBskvWEzJZPUxSslAiLaB6JGP1ic/XTH9ctGgzdgYguuLP1C601aRTSDNlLb0jbKqXjZ48GNraSA==",
      "dev": true,
      "license": "MIT",
      "dependencies": {
        "undici-types": "~6.19.2"
      }
    },
    "node_modules/lib-font": {
      "version": "2.4.3",
      "resolved": "https://registry.npmjs.org/lib-font/-/lib-font-2.4.3.tgz",
      "integrity": "sha512-2w5JZDBgiju2wMUGKgZNQxgIadw+56j42ccn/C7frg54ruZHMwGeQ88R7NxyqyqbRoqPGQnReYVZScdjlLvMHA==",
      "license": "LICENSE.md"
    },
    "node_modules/undici-types": {
      "version": "6.19.8",
      "resolved": "https://registry.npmjs.org/undici-types/-/undici-types-6.19.8.tgz",
      "integrity": "sha512-ve2KP6f/JnbPBFyobGHuerC9g1FYGn/F8n1LWTwNxCEzd6IfqTwUQcNXgEtmmQ6DlRrC1hrSrBnCZPokRrDHjw==",
      "dev": true,
      "license": "MIT"
    }
  }
}
